
Microsoft Visual Studio Solution File, Format Version 12.00
# Visual Studio Version 16
VisualStudioVersion = 16.0.30413.136
MinimumVisualStudioVersion = 15.0.26124.0
Project("{9A19103F-16F7-4668-BE54-9A1E7A4F7556}") = "ConsoleApp", "ConsoleApp\ConsoleApp.csproj", "{E295E4DF-3473-4191-8C5C-68ACA3C1743E}"
EndProject
Project("{9A19103F-16F7-4668-BE54-9A1E7A4F7556}") = "SIS.OpenCore.EL", "EL\SIS.OpenCore.EL.csproj", "{79BF4E77-9D71-4288-858B-9867F8928CA9}"
EndProject
Project("{9A19103F-16F7-4668-BE54-9A1E7A4F7556}") = "SIS.OpenCore.BL", "BL\SIS.OpenCore.BL.csproj", "{3E325A18-8A25-4FFC-B356-C9EFC816993D}"
EndProject
Project("{9A19103F-16F7-4668-BE54-9A1E7A4F7556}") = "SIS.OpenCore.Model", "Model\SIS.OpenCore.Model.csproj", "{D825A4E7-47B8-4AF8-8E82-C311835F8E5E}"
EndProject
Project("{9A19103F-16F7-4668-BE54-9A1E7A4F7556}") = "SIS.OpenCore.WebAPI", "webapi\SIS.OpenCore.WebAPI.csproj", "{145F8DAF-352C-4AC4-BFFA-AF068467F0A6}"
EndProject
Global
	GlobalSection(SolutionConfigurationPlatforms) = preSolution
		Debug|Any CPU = Debug|Any CPU
		Debug|x64 = Debug|x64
		Debug|x86 = Debug|x86
		Release|Any CPU = Release|Any CPU
		Release|x64 = Release|x64
		Release|x86 = Release|x86
	EndGlobalSection
	GlobalSection(ProjectConfigurationPlatforms) = postSolution
		{E295E4DF-3473-4191-8C5C-68ACA3C1743E}.Debug|Any CPU.ActiveCfg = Debug|Any CPU
		{E295E4DF-3473-4191-8C5C-68ACA3C1743E}.Debug|Any CPU.Build.0 = Debug|Any CPU
		{E295E4DF-3473-4191-8C5C-68ACA3C1743E}.Debug|x64.ActiveCfg = Debug|Any CPU
		{E295E4DF-3473-4191-8C5C-68ACA3C1743E}.Debug|x64.Build.0 = Debug|Any CPU
		{E295E4DF-3473-4191-8C5C-68ACA3C1743E}.Debug|x86.ActiveCfg = Debug|Any CPU
		{E295E4DF-3473-4191-8C5C-68ACA3C1743E}.Debug|x86.Build.0 = Debug|Any CPU
		{E295E4DF-3473-4191-8C5C-68ACA3C1743E}.Release|Any CPU.ActiveCfg = Release|Any CPU
		{E295E4DF-3473-4191-8C5C-68ACA3C1743E}.Release|Any CPU.Build.0 = Release|Any CPU
		{E295E4DF-3473-4191-8C5C-68ACA3C1743E}.Release|x64.ActiveCfg = Release|Any CPU
		{E295E4DF-3473-4191-8C5C-68ACA3C1743E}.Release|x64.Build.0 = Release|Any CPU
		{E295E4DF-3473-4191-8C5C-68ACA3C1743E}.Release|x86.ActiveCfg = Release|Any CPU
		{E295E4DF-3473-4191-8C5C-68ACA3C1743E}.Release|x86.Build.0 = Release|Any CPU
		{79BF4E77-9D71-4288-858B-9867F8928CA9}.Debug|Any CPU.ActiveCfg = Debug|Any CPU
		{79BF4E77-9D71-4288-858B-9867F8928CA9}.Debug|Any CPU.Build.0 = Debug|Any CPU
		{79BF4E77-9D71-4288-858B-9867F8928CA9}.Debug|x64.ActiveCfg = Debug|Any CPU
		{79BF4E77-9D71-4288-858B-9867F8928CA9}.Debug|x64.Build.0 = Debug|Any CPU
		{79BF4E77-9D71-4288-858B-9867F8928CA9}.Debug|x86.ActiveCfg = Debug|Any CPU
		{79BF4E77-9D71-4288-858B-9867F8928CA9}.Debug|x86.Build.0 = Debug|Any CPU
		{79BF4E77-9D71-4288-858B-9867F8928CA9}.Release|Any CPU.ActiveCfg = Release|Any CPU
		{79BF4E77-9D71-4288-858B-9867F8928CA9}.Release|Any CPU.Build.0 = Release|Any CPU
		{79BF4E77-9D71-4288-858B-9867F8928CA9}.Release|x64.ActiveCfg = Release|Any CPU
		{79BF4E77-9D71-4288-858B-9867F8928CA9}.Release|x64.Build.0 = Release|Any CPU
		{79BF4E77-9D71-4288-858B-9867F8928CA9}.Release|x86.ActiveCfg = Release|Any CPU
		{79BF4E77-9D71-4288-858B-9867F8928CA9}.Release|x86.Build.0 = Release|Any CPU
		{3E325A18-8A25-4FFC-B356-C9EFC816993D}.Debug|Any CPU.ActiveCfg = Debug|Any CPU
		{3E325A18-8A25-4FFC-B356-C9EFC816993D}.Debug|Any CPU.Build.0 = Debug|Any CPU
		{3E325A18-8A25-4FFC-B356-C9EFC816993D}.Debug|x64.ActiveCfg = Debug|Any CPU
		{3E325A18-8A25-4FFC-B356-C9EFC816993D}.Debug|x64.Build.0 = Debug|Any CPU
		{3E325A18-8A25-4FFC-B356-C9EFC816993D}.Debug|x86.ActiveCfg = Debug|Any CPU
		{3E325A18-8A25-4FFC-B356-C9EFC816993D}.Debug|x86.Build.0 = Debug|Any CPU
		{3E325A18-8A25-4FFC-B356-C9EFC816993D}.Release|Any CPU.ActiveCfg = Release|Any CPU
		{3E325A18-8A25-4FFC-B356-C9EFC816993D}.Release|Any CPU.Build.0 = Release|Any CPU
		{3E325A18-8A25-4FFC-B356-C9EFC816993D}.Release|x64.ActiveCfg = Release|Any CPU
		{3E325A18-8A25-4FFC-B356-C9EFC816993D}.Release|x64.Build.0 = Release|Any CPU
		{3E325A18-8A25-4FFC-B356-C9EFC816993D}.Release|x86.ActiveCfg = Release|Any CPU
		{3E325A18-8A25-4FFC-B356-C9EFC816993D}.Release|x86.Build.0 = Release|Any CPU
		{D825A4E7-47B8-4AF8-8E82-C311835F8E5E}.Debug|Any CPU.ActiveCfg = Debug|Any CPU
		{D825A4E7-47B8-4AF8-8E82-C311835F8E5E}.Debug|Any CPU.Build.0 = Debug|Any CPU
		{D825A4E7-47B8-4AF8-8E82-C311835F8E5E}.Debug|x64.ActiveCfg = Debug|Any CPU
		{D825A4E7-47B8-4AF8-8E82-C311835F8E5E}.Debug|x64.Build.0 = Debug|Any CPU
		{D825A4E7-47B8-4AF8-8E82-C311835F8E5E}.Debug|x86.ActiveCfg = Debug|Any CPU
		{D825A4E7-47B8-4AF8-8E82-C311835F8E5E}.Debug|x86.Build.0 = Debug|Any CPU
		{D825A4E7-47B8-4AF8-8E82-C311835F8E5E}.Release|Any CPU.ActiveCfg = Release|Any CPU
		{D825A4E7-47B8-4AF8-8E82-C311835F8E5E}.Release|Any CPU.Build.0 = Release|Any CPU
		{D825A4E7-47B8-4AF8-8E82-C311835F8E5E}.Release|x64.ActiveCfg = Release|Any CPU
		{D825A4E7-47B8-4AF8-8E82-C311835F8E5E}.Release|x64.Build.0 = Release|Any CPU
		{D825A4E7-47B8-4AF8-8E82-C311835F8E5E}.Release|x86.ActiveCfg = Release|Any CPU
		{D825A4E7-47B8-4AF8-8E82-C311835F8E5E}.Release|x86.Build.0 = Release|Any CPU
		{145F8DAF-352C-4AC4-BFFA-AF068467F0A6}.Debug|Any CPU.ActiveCfg = Debug|Any CPU
		{145F8DAF-352C-4AC4-BFFA-AF068467F0A6}.Debug|Any CPU.Build.0 = Debug|Any CPU
		{145F8DAF-352C-4AC4-BFFA-AF068467F0A6}.Debug|x64.ActiveCfg = Debug|Any CPU
		{145F8DAF-352C-4AC4-BFFA-AF068467F0A6}.Debug|x64.Build.0 = Debug|Any CPU
		{145F8DAF-352C-4AC4-BFFA-AF068467F0A6}.Debug|x86.ActiveCfg = Debug|Any CPU
		{145F8DAF-352C-4AC4-BFFA-AF068467F0A6}.Debug|x86.Build.0 = Debug|Any CPU
		{145F8DAF-352C-4AC4-BFFA-AF068467F0A6}.Release|Any CPU.ActiveCfg = Release|Any CPU
		{145F8DAF-352C-4AC4-BFFA-AF068467F0A6}.Release|Any CPU.Build.0 = Release|Any CPU
		{145F8DAF-352C-4AC4-BFFA-AF068467F0A6}.Release|x64.ActiveCfg = Release|Any CPU
		{145F8DAF-352C-4AC4-BFFA-AF068467F0A6}.Release|x64.Build.0 = Release|Any CPU
		{145F8DAF-352C-4AC4-BFFA-AF068467F0A6}.Release|x86.ActiveCfg = Release|Any CPU
		{145F8DAF-352C-4AC4-BFFA-AF068467F0A6}.Release|x86.Build.0 = Release|Any CPU
	EndGlobalSection
EndGlobal
