
Microsoft Visual Studio Solution File, Format Version 12.00
# Visual Studio Version 16
VisualStudioVersion = 16.0.30413.136
MinimumVisualStudioVersion = 15.0.26124.0
Project("{9A19103F-16F7-4668-BE54-9A1E7A4F7556}") = "ConsoleApp", "ConsoleApp\ConsoleApp.csproj", "{E295E4DF-3473-4191-8C5C-68ACA3C1743E}"
EndProject
Project("{9A19103F-16F7-4668-BE54-9A1E7A4F7556}") = "SIS.OpenCore.BL", "BL\SIS.OpenCore.BL.csproj", "{3E325A18-8A25-4FFC-B356-C9EFC816993D}"
EndProject
Project("{9A19103F-16F7-4668-BE54-9A1E7A4F7556}") = "SIS.OpenCore.Model", "Model\SIS.OpenCore.Model.csproj", "{D825A4E7-47B8-4AF8-8E82-C311835F8E5E}"
EndProject
Project("{9A19103F-16F7-4668-BE54-9A1E7A4F7556}") = "SIS.OpenCore.WebAPI", "webapi\SIS.OpenCore.WebAPI.csproj", "{145F8DAF-352C-4AC4-BFFA-AF068467F0A6}"
EndProject
Project("{9A19103F-16F7-4668-BE54-9A1E7A4F7556}") = "SIS.OpenCore.DAL", "DAL\SIS.OpenCore.DAL.csproj", "{17EAC791-C369-49E5-82FA-5FC38DBE147F}"
EndProject
Project("{FAE04EC0-301F-11D3-BF4B-00C04F79EFBC}") = "SIS.OpenCore.UnitTesting", "SIS.OpenCore.UnitTesting\SIS.OpenCore.UnitTesting.csproj", "{2B88723B-28D5-49FF-96F9-62B4AD9ECE01}"
EndProject
Global
	GlobalSection(SolutionConfigurationPlatforms) = preSolution
		Debug|Any CPU = Debug|Any CPU
		Debug|x64 = Debug|x64
		Debug|x86 = Debug|x86
		Release|Any CPU = Release|Any CPU
		Release|x64 = Release|x64
		Release|x86 = Release|x86
	EndGlobalSection
	GlobalSection(ProjectConfigurationPlatforms) = postSolution
		{E295E4DF-3473-4191-8C5C-68ACA3C1743E}.Debug|Any CPU.ActiveCfg = Debug|Any CPU
		{E295E4DF-3473-4191-8C5C-68ACA3C1743E}.Debug|Any CPU.Build.0 = Debug|Any CPU
		{E295E4DF-3473-4191-8C5C-68ACA3C1743E}.Debug|x64.ActiveCfg = Debug|Any CPU
		{E295E4DF-3473-4191-8C5C-68ACA3C1743E}.Debug|x64.Build.0 = Debug|Any CPU
		{E295E4DF-3473-4191-8C5C-68ACA3C1743E}.Debug|x86.ActiveCfg = Debug|Any CPU
		{E295E4DF-3473-4191-8C5C-68ACA3C1743E}.Debug|x86.Build.0 = Debug|Any CPU
		{E295E4DF-3473-4191-8C5C-68ACA3C1743E}.Release|Any CPU.ActiveCfg = Release|Any CPU
		{E295E4DF-3473-4191-8C5C-68ACA3C1743E}.Release|Any CPU.Build.0 = Release|Any CPU
		{E295E4DF-3473-4191-8C5C-68ACA3C1743E}.Release|x64.ActiveCfg = Release|Any CPU
		{E295E4DF-3473-4191-8C5C-68ACA3C1743E}.Release|x64.Build.0 = Release|Any CPU
		{E295E4DF-3473-4191-8C5C-68ACA3C1743E}.Release|x86.ActiveCfg = Release|Any CPU
		{E295E4DF-3473-4191-8C5C-68ACA3C1743E}.Release|x86.Build.0 = Release|Any CPU
		{3E325A18-8A25-4FFC-B356-C9EFC816993D}.Debug|Any CPU.ActiveCfg = Debug|Any CPU
		{3E325A18-8A25-4FFC-B356-C9EFC816993D}.Debug|Any CPU.Build.0 = Debug|Any CPU
		{3E325A18-8A25-4FFC-B356-C9EFC816993D}.Debug|x64.ActiveCfg = Debug|Any CPU
		{3E325A18-8A25-4FFC-B356-C9EFC816993D}.Debug|x64.Build.0 = Debug|Any CPU
		{3E325A18-8A25-4FFC-B356-C9EFC816993D}.Debug|x86.ActiveCfg = Debug|Any CPU
		{3E325A18-8A25-4FFC-B356-C9EFC816993D}.Debug|x86.Build.0 = Debug|Any CPU
		{3E325A18-8A25-4FFC-B356-C9EFC816993D}.Release|Any CPU.ActiveCfg = Release|Any CPU
		{3E325A18-8A25-4FFC-B356-C9EFC816993D}.Release|Any CPU.Build.0 = Release|Any CPU
		{3E325A18-8A25-4FFC-B356-C9EFC816993D}.Release|x64.ActiveCfg = Release|Any CPU
		{3E325A18-8A25-4FFC-B356-C9EFC816993D}.Release|x64.Build.0 = Release|Any CPU
		{3E325A18-8A25-4FFC-B356-C9EFC816993D}.Release|x86.ActiveCfg = Release|Any CPU
		{3E325A18-8A25-4FFC-B356-C9EFC816993D}.Release|x86.Build.0 = Release|Any CPU
		{D825A4E7-47B8-4AF8-8E82-C311835F8E5E}.Debug|Any CPU.ActiveCfg = Debug|Any CPU
		{D825A4E7-47B8-4AF8-8E82-C311835F8E5E}.Debug|Any CPU.Build.0 = Debug|Any CPU
		{D825A4E7-47B8-4AF8-8E82-C311835F8E5E}.Debug|x64.ActiveCfg = Debug|Any CPU
		{D825A4E7-47B8-4AF8-8E82-C311835F8E5E}.Debug|x64.Build.0 = Debug|Any CPU
		{D825A4E7-47B8-4AF8-8E82-C311835F8E5E}.Debug|x86.ActiveCfg = Debug|Any CPU
		{D825A4E7-47B8-4AF8-8E82-C311835F8E5E}.Debug|x86.Build.0 = Debug|Any CPU
		{D825A4E7-47B8-4AF8-8E82-C311835F8E5E}.Release|Any CPU.ActiveCfg = Release|Any CPU
		{D825A4E7-47B8-4AF8-8E82-C311835F8E5E}.Release|Any CPU.Build.0 = Release|Any CPU
		{D825A4E7-47B8-4AF8-8E82-C311835F8E5E}.Release|x64.ActiveCfg = Release|Any CPU
		{D825A4E7-47B8-4AF8-8E82-C311835F8E5E}.Release|x64.Build.0 = Release|Any CPU
		{D825A4E7-47B8-4AF8-8E82-C311835F8E5E}.Release|x86.ActiveCfg = Release|Any CPU
		{D825A4E7-47B8-4AF8-8E82-C311835F8E5E}.Release|x86.Build.0 = Release|Any CPU
		{145F8DAF-352C-4AC4-BFFA-AF068467F0A6}.Debug|Any CPU.ActiveCfg = Debug|Any CPU
		{145F8DAF-352C-4AC4-BFFA-AF068467F0A6}.Debug|Any CPU.Build.0 = Debug|Any CPU
		{145F8DAF-352C-4AC4-BFFA-AF068467F0A6}.Debug|x64.ActiveCfg = Debug|Any CPU
		{145F8DAF-352C-4AC4-BFFA-AF068467F0A6}.Debug|x64.Build.0 = Debug|Any CPU
		{145F8DAF-352C-4AC4-BFFA-AF068467F0A6}.Debug|x86.ActiveCfg = Debug|Any CPU
		{145F8DAF-352C-4AC4-BFFA-AF068467F0A6}.Debug|x86.Build.0 = Debug|Any CPU
		{145F8DAF-352C-4AC4-BFFA-AF068467F0A6}.Release|Any CPU.ActiveCfg = Release|Any CPU
		{145F8DAF-352C-4AC4-BFFA-AF068467F0A6}.Release|Any CPU.Build.0 = Release|Any CPU
		{145F8DAF-352C-4AC4-BFFA-AF068467F0A6}.Release|x64.ActiveCfg = Release|Any CPU
		{145F8DAF-352C-4AC4-BFFA-AF068467F0A6}.Release|x64.Build.0 = Release|Any CPU
		{145F8DAF-352C-4AC4-BFFA-AF068467F0A6}.Release|x86.ActiveCfg = Release|Any CPU
		{145F8DAF-352C-4AC4-BFFA-AF068467F0A6}.Release|x86.Build.0 = Release|Any CPU
		{17EAC791-C369-49E5-82FA-5FC38DBE147F}.Debug|Any CPU.ActiveCfg = Debug|Any CPU
		{17EAC791-C369-49E5-82FA-5FC38DBE147F}.Debug|Any CPU.Build.0 = Debug|Any CPU
		{17EAC791-C369-49E5-82FA-5FC38DBE147F}.Debug|x64.ActiveCfg = Debug|Any CPU
		{17EAC791-C369-49E5-82FA-5FC38DBE147F}.Debug|x64.Build.0 = Debug|Any CPU
		{17EAC791-C369-49E5-82FA-5FC38DBE147F}.Debug|x86.ActiveCfg = Debug|Any CPU
		{17EAC791-C369-49E5-82FA-5FC38DBE147F}.Debug|x86.Build.0 = Debug|Any CPU
		{17EAC791-C369-49E5-82FA-5FC38DBE147F}.Release|Any CPU.ActiveCfg = Release|Any CPU
		{17EAC791-C369-49E5-82FA-5FC38DBE147F}.Release|Any CPU.Build.0 = Release|Any CPU
		{17EAC791-C369-49E5-82FA-5FC38DBE147F}.Release|x64.ActiveCfg = Release|Any CPU
		{17EAC791-C369-49E5-82FA-5FC38DBE147F}.Release|x64.Build.0 = Release|Any CPU
		{17EAC791-C369-49E5-82FA-5FC38DBE147F}.Release|x86.ActiveCfg = Release|Any CPU
		{17EAC791-C369-49E5-82FA-5FC38DBE147F}.Release|x86.Build.0 = Release|Any CPU
		{2B88723B-28D5-49FF-96F9-62B4AD9ECE01}.Debug|Any CPU.ActiveCfg = Debug|Any CPU
		{2B88723B-28D5-49FF-96F9-62B4AD9ECE01}.Debug|Any CPU.Build.0 = Debug|Any CPU
		{2B88723B-28D5-49FF-96F9-62B4AD9ECE01}.Debug|x64.ActiveCfg = Debug|Any CPU
		{2B88723B-28D5-49FF-96F9-62B4AD9ECE01}.Debug|x64.Build.0 = Debug|Any CPU
		{2B88723B-28D5-49FF-96F9-62B4AD9ECE01}.Debug|x86.ActiveCfg = Debug|Any CPU
		{2B88723B-28D5-49FF-96F9-62B4AD9ECE01}.Debug|x86.Build.0 = Debug|Any CPU
		{2B88723B-28D5-49FF-96F9-62B4AD9ECE01}.Release|Any CPU.ActiveCfg = Release|Any CPU
		{2B88723B-28D5-49FF-96F9-62B4AD9ECE01}.Release|Any CPU.Build.0 = Release|Any CPU
		{2B88723B-28D5-49FF-96F9-62B4AD9ECE01}.Release|x64.ActiveCfg = Release|Any CPU
		{2B88723B-28D5-49FF-96F9-62B4AD9ECE01}.Release|x64.Build.0 = Release|Any CPU
		{2B88723B-28D5-49FF-96F9-62B4AD9ECE01}.Release|x86.ActiveCfg = Release|Any CPU
		{2B88723B-28D5-49FF-96F9-62B4AD9ECE01}.Release|x86.Build.0 = Release|Any CPU
	EndGlobalSection
	GlobalSection(SolutionProperties) = preSolution
		HideSolutionNode = FALSE
	EndGlobalSection
	GlobalSection(ExtensibilityGlobals) = postSolution
		SolutionGuid = {360E41F0-44DD-4541-A2EF-B195882E25BB}
	EndGlobalSection
EndGlobal
