
Microsoft Visual Studio Solution File, Format Version 12.00
# Visual Studio Version 16
VisualStudioVersion = 16.0.30413.136
MinimumVisualStudioVersion = 15.0.26124.0
Project("{9A19103F-16F7-4668-BE54-9A1E7A4F7556}") = "SIS.OpenCore.UnitTesting", "SIS.OpenCore.UnitTesting\SIS.OpenCore.UnitTesting.csproj", "{2B88723B-28D5-49FF-96F9-62B4AD9ECE01}"
EndProject
Project("{9A19103F-16F7-4668-BE54-9A1E7A4F7556}") = "SIS.OpenCore.DAL", "SIS.OpenCore.DAL\SIS.OpenCore.DAL.csproj", "{BA173E57-0AC8-44D6-AE9D-79D334C89764}"
EndProject
Project("{9A19103F-16F7-4668-BE54-9A1E7A4F7556}") = "SIS.OpenCore.Model", "SIS.OpenCore.Model\SIS.OpenCore.Model.csproj", "{BED12F96-A82A-4C6B-942C-ECFD6B701E70}"
EndProject
Project("{9A19103F-16F7-4668-BE54-9A1E7A4F7556}") = "SIS.OpenCore.Server", "SIS.OpenCore.Server\SIS.OpenCore.Server.csproj", "{31E18C8A-6049-4C96-8B0C-98DD731BB6B1}"
EndProject
Project("{9A19103F-16F7-4668-BE54-9A1E7A4F7556}") = "SIS.OpenCore.Shared", "SIS.OpenCore.Shared\SIS.OpenCore.Shared.csproj", "{F1173102-7A06-476B-9112-3A6A75F5B0C4}"
EndProject
Global
	GlobalSection(SolutionConfigurationPlatforms) = preSolution
		Debug|Any CPU = Debug|Any CPU
		Debug|x64 = Debug|x64
		Debug|x86 = Debug|x86
		Release|Any CPU = Release|Any CPU
		Release|x64 = Release|x64
		Release|x86 = Release|x86
	EndGlobalSection
	GlobalSection(ProjectConfigurationPlatforms) = postSolution
		{2B88723B-28D5-49FF-96F9-62B4AD9ECE01}.Debug|Any CPU.ActiveCfg = Debug|Any CPU
		{2B88723B-28D5-49FF-96F9-62B4AD9ECE01}.Debug|Any CPU.Build.0 = Debug|Any CPU
		{2B88723B-28D5-49FF-96F9-62B4AD9ECE01}.Debug|x64.ActiveCfg = Debug|Any CPU
		{2B88723B-28D5-49FF-96F9-62B4AD9ECE01}.Debug|x64.Build.0 = Debug|Any CPU
		{2B88723B-28D5-49FF-96F9-62B4AD9ECE01}.Debug|x86.ActiveCfg = Debug|Any CPU
		{2B88723B-28D5-49FF-96F9-62B4AD9ECE01}.Debug|x86.Build.0 = Debug|Any CPU
		{2B88723B-28D5-49FF-96F9-62B4AD9ECE01}.Release|Any CPU.ActiveCfg = Release|Any CPU
		{2B88723B-28D5-49FF-96F9-62B4AD9ECE01}.Release|Any CPU.Build.0 = Release|Any CPU
		{2B88723B-28D5-49FF-96F9-62B4AD9ECE01}.Release|x64.ActiveCfg = Release|Any CPU
		{2B88723B-28D5-49FF-96F9-62B4AD9ECE01}.Release|x64.Build.0 = Release|Any CPU
		{2B88723B-28D5-49FF-96F9-62B4AD9ECE01}.Release|x86.ActiveCfg = Release|Any CPU
		{2B88723B-28D5-49FF-96F9-62B4AD9ECE01}.Release|x86.Build.0 = Release|Any CPU
		{8407EF63-3718-4C04-A21E-290150E61132}.Debug|Any CPU.ActiveCfg = Debug|Any CPU
		{8407EF63-3718-4C04-A21E-290150E61132}.Debug|Any CPU.Build.0 = Debug|Any CPU
		{8407EF63-3718-4C04-A21E-290150E61132}.Debug|x64.ActiveCfg = Debug|Any CPU
		{8407EF63-3718-4C04-A21E-290150E61132}.Debug|x64.Build.0 = Debug|Any CPU
		{8407EF63-3718-4C04-A21E-290150E61132}.Debug|x86.ActiveCfg = Debug|Any CPU
		{8407EF63-3718-4C04-A21E-290150E61132}.Debug|x86.Build.0 = Debug|Any CPU
		{8407EF63-3718-4C04-A21E-290150E61132}.Release|Any CPU.ActiveCfg = Release|Any CPU
		{8407EF63-3718-4C04-A21E-290150E61132}.Release|Any CPU.Build.0 = Release|Any CPU
		{8407EF63-3718-4C04-A21E-290150E61132}.Release|x64.ActiveCfg = Release|Any CPU
		{8407EF63-3718-4C04-A21E-290150E61132}.Release|x64.Build.0 = Release|Any CPU
		{8407EF63-3718-4C04-A21E-290150E61132}.Release|x86.ActiveCfg = Release|Any CPU
		{8407EF63-3718-4C04-A21E-290150E61132}.Release|x86.Build.0 = Release|Any CPU
		{BA173E57-0AC8-44D6-AE9D-79D334C89764}.Debug|Any CPU.ActiveCfg = Debug|Any CPU
		{BA173E57-0AC8-44D6-AE9D-79D334C89764}.Debug|Any CPU.Build.0 = Debug|Any CPU
		{BA173E57-0AC8-44D6-AE9D-79D334C89764}.Debug|x64.ActiveCfg = Debug|Any CPU
		{BA173E57-0AC8-44D6-AE9D-79D334C89764}.Debug|x64.Build.0 = Debug|Any CPU
		{BA173E57-0AC8-44D6-AE9D-79D334C89764}.Debug|x86.ActiveCfg = Debug|Any CPU
		{BA173E57-0AC8-44D6-AE9D-79D334C89764}.Debug|x86.Build.0 = Debug|Any CPU
		{BA173E57-0AC8-44D6-AE9D-79D334C89764}.Release|Any CPU.ActiveCfg = Release|Any CPU
		{BA173E57-0AC8-44D6-AE9D-79D334C89764}.Release|Any CPU.Build.0 = Release|Any CPU
		{BA173E57-0AC8-44D6-AE9D-79D334C89764}.Release|x64.ActiveCfg = Release|Any CPU
		{BA173E57-0AC8-44D6-AE9D-79D334C89764}.Release|x64.Build.0 = Release|Any CPU
		{BA173E57-0AC8-44D6-AE9D-79D334C89764}.Release|x86.ActiveCfg = Release|Any CPU
		{BA173E57-0AC8-44D6-AE9D-79D334C89764}.Release|x86.Build.0 = Release|Any CPU
		{BED12F96-A82A-4C6B-942C-ECFD6B701E70}.Debug|Any CPU.ActiveCfg = Debug|Any CPU
		{BED12F96-A82A-4C6B-942C-ECFD6B701E70}.Debug|Any CPU.Build.0 = Debug|Any CPU
		{BED12F96-A82A-4C6B-942C-ECFD6B701E70}.Debug|x64.ActiveCfg = Debug|Any CPU
		{BED12F96-A82A-4C6B-942C-ECFD6B701E70}.Debug|x64.Build.0 = Debug|Any CPU
		{BED12F96-A82A-4C6B-942C-ECFD6B701E70}.Debug|x86.ActiveCfg = Debug|Any CPU
		{BED12F96-A82A-4C6B-942C-ECFD6B701E70}.Debug|x86.Build.0 = Debug|Any CPU
		{BED12F96-A82A-4C6B-942C-ECFD6B701E70}.Release|Any CPU.ActiveCfg = Release|Any CPU
		{BED12F96-A82A-4C6B-942C-ECFD6B701E70}.Release|Any CPU.Build.0 = Release|Any CPU
		{BED12F96-A82A-4C6B-942C-ECFD6B701E70}.Release|x64.ActiveCfg = Release|Any CPU
		{BED12F96-A82A-4C6B-942C-ECFD6B701E70}.Release|x64.Build.0 = Release|Any CPU
		{BED12F96-A82A-4C6B-942C-ECFD6B701E70}.Release|x86.ActiveCfg = Release|Any CPU
		{BED12F96-A82A-4C6B-942C-ECFD6B701E70}.Release|x86.Build.0 = Release|Any CPU
		{31E18C8A-6049-4C96-8B0C-98DD731BB6B1}.Debug|Any CPU.ActiveCfg = Debug|Any CPU
		{31E18C8A-6049-4C96-8B0C-98DD731BB6B1}.Debug|Any CPU.Build.0 = Debug|Any CPU
		{31E18C8A-6049-4C96-8B0C-98DD731BB6B1}.Debug|x64.ActiveCfg = Debug|Any CPU
		{31E18C8A-6049-4C96-8B0C-98DD731BB6B1}.Debug|x64.Build.0 = Debug|Any CPU
		{31E18C8A-6049-4C96-8B0C-98DD731BB6B1}.Debug|x86.ActiveCfg = Debug|Any CPU
		{31E18C8A-6049-4C96-8B0C-98DD731BB6B1}.Debug|x86.Build.0 = Debug|Any CPU
		{31E18C8A-6049-4C96-8B0C-98DD731BB6B1}.Release|Any CPU.ActiveCfg = Release|Any CPU
		{31E18C8A-6049-4C96-8B0C-98DD731BB6B1}.Release|Any CPU.Build.0 = Release|Any CPU
		{31E18C8A-6049-4C96-8B0C-98DD731BB6B1}.Release|x64.ActiveCfg = Release|Any CPU
		{31E18C8A-6049-4C96-8B0C-98DD731BB6B1}.Release|x64.Build.0 = Release|Any CPU
		{31E18C8A-6049-4C96-8B0C-98DD731BB6B1}.Release|x86.ActiveCfg = Release|Any CPU
		{31E18C8A-6049-4C96-8B0C-98DD731BB6B1}.Release|x86.Build.0 = Release|Any CPU
		{F1173102-7A06-476B-9112-3A6A75F5B0C4}.Debug|Any CPU.ActiveCfg = Debug|Any CPU
		{F1173102-7A06-476B-9112-3A6A75F5B0C4}.Debug|Any CPU.Build.0 = Debug|Any CPU
		{F1173102-7A06-476B-9112-3A6A75F5B0C4}.Debug|x64.ActiveCfg = Debug|Any CPU
		{F1173102-7A06-476B-9112-3A6A75F5B0C4}.Debug|x64.Build.0 = Debug|Any CPU
		{F1173102-7A06-476B-9112-3A6A75F5B0C4}.Debug|x86.ActiveCfg = Debug|Any CPU
		{F1173102-7A06-476B-9112-3A6A75F5B0C4}.Debug|x86.Build.0 = Debug|Any CPU
		{F1173102-7A06-476B-9112-3A6A75F5B0C4}.Release|Any CPU.ActiveCfg = Release|Any CPU
		{F1173102-7A06-476B-9112-3A6A75F5B0C4}.Release|Any CPU.Build.0 = Release|Any CPU
		{F1173102-7A06-476B-9112-3A6A75F5B0C4}.Release|x64.ActiveCfg = Release|Any CPU
		{F1173102-7A06-476B-9112-3A6A75F5B0C4}.Release|x64.Build.0 = Release|Any CPU
		{F1173102-7A06-476B-9112-3A6A75F5B0C4}.Release|x86.ActiveCfg = Release|Any CPU
		{F1173102-7A06-476B-9112-3A6A75F5B0C4}.Release|x86.Build.0 = Release|Any CPU
	EndGlobalSection
	GlobalSection(SolutionProperties) = preSolution
		HideSolutionNode = FALSE
	EndGlobalSection
	GlobalSection(ExtensibilityGlobals) = postSolution
		SolutionGuid = {360E41F0-44DD-4541-A2EF-B195882E25BB}
	EndGlobalSection
EndGlobal
