
Microsoft Visual Studio Solution File, Format Version 12.00
# Visual Studio Version 16
VisualStudioVersion = 16.6.30114.105
MinimumVisualStudioVersion = 10.0.40219.1
Project("{9A19103F-16F7-4668-BE54-9A1E7A4F7556}") = "SIS.OpenCore.BL", "SIS.OpenCore.BL\SIS.OpenCore.BL.csproj", "{E9200FDC-26C5-45D0-B7E0-FDA50C324069}"
EndProject
Project("{9A19103F-16F7-4668-BE54-9A1E7A4F7556}") = "SIS.OpenCore.Client.Http", "SIS.OpenCore.Client.Http\SIS.OpenCore.Client.Http.csproj", "{866AD5EC-97C4-46E1-82F2-022CF7D9D502}"
EndProject
Project("{9A19103F-16F7-4668-BE54-9A1E7A4F7556}") = "SIS.OpenCore.Client.Web", "SIS.OpenCore.Client.Web\SIS.OpenCore.Client.Web.csproj", "{70396A1F-A3C3-45A8-B4D4-578ED84C776E}"
EndProject
Project("{9A19103F-16F7-4668-BE54-9A1E7A4F7556}") = "SIS.OpenCore.Client.Win", "SIS.OpenCore.Client.Win\SIS.OpenCore.Client.Win.csproj", "{9EC95E47-B4C8-4BD7-958C-964F30FAC842}"
EndProject
Project("{9A19103F-16F7-4668-BE54-9A1E7A4F7556}") = "SIS.OpenCore.DAL", "SIS.OpenCore.DAL\SIS.OpenCore.DAL.csproj", "{DBDDBF7A-0DFE-461F-B231-2D96EE7A0A9D}"
EndProject
Project("{9A19103F-16F7-4668-BE54-9A1E7A4F7556}") = "SIS.OpenCore.Model", "SIS.OpenCore.Model\SIS.OpenCore.Model.csproj", "{05454DD0-5869-45CC-BD7B-7D6FEBAFB42D}"
EndProject
Project("{9A19103F-16F7-4668-BE54-9A1E7A4F7556}") = "SIS.OpenCore.Shared", "SIS.OpenCore.Shared\SIS.OpenCore.Shared.csproj", "{561955E9-8B13-4B8A-AA46-7EB8F8785BBE}"
EndProject
Project("{9A19103F-16F7-4668-BE54-9A1E7A4F7556}") = "SIS.OpenCore.UnitTesting", "SIS.OpenCore.UnitTesting\SIS.OpenCore.UnitTesting.csproj", "{A0C7C60F-A19D-4B79-A474-7A1C1155870D}"
EndProject
Project("{9A19103F-16F7-4668-BE54-9A1E7A4F7556}") = "SIS.OpenCore.WebAPI", "SIS.OpenCore.WebAPI\SIS.OpenCore.WebAPI.csproj", "{2FA7C670-3823-4ADA-B3E1-91D7D6FA5EE3}"
EndProject
Global
	GlobalSection(SolutionConfigurationPlatforms) = preSolution
		Debug|Any CPU = Debug|Any CPU
		Debug|x64 = Debug|x64
		Debug|x86 = Debug|x86
		Release|Any CPU = Release|Any CPU
		Release|x64 = Release|x64
		Release|x86 = Release|x86
	EndGlobalSection
	GlobalSection(ProjectConfigurationPlatforms) = postSolution
		{E9200FDC-26C5-45D0-B7E0-FDA50C324069}.Debug|Any CPU.ActiveCfg = Debug|Any CPU
		{E9200FDC-26C5-45D0-B7E0-FDA50C324069}.Debug|Any CPU.Build.0 = Debug|Any CPU
		{E9200FDC-26C5-45D0-B7E0-FDA50C324069}.Debug|x64.ActiveCfg = Debug|Any CPU
		{E9200FDC-26C5-45D0-B7E0-FDA50C324069}.Debug|x64.Build.0 = Debug|Any CPU
		{E9200FDC-26C5-45D0-B7E0-FDA50C324069}.Debug|x86.ActiveCfg = Debug|Any CPU
		{E9200FDC-26C5-45D0-B7E0-FDA50C324069}.Debug|x86.Build.0 = Debug|Any CPU
		{E9200FDC-26C5-45D0-B7E0-FDA50C324069}.Release|Any CPU.ActiveCfg = Release|Any CPU
		{E9200FDC-26C5-45D0-B7E0-FDA50C324069}.Release|Any CPU.Build.0 = Release|Any CPU
		{E9200FDC-26C5-45D0-B7E0-FDA50C324069}.Release|x64.ActiveCfg = Release|Any CPU
		{E9200FDC-26C5-45D0-B7E0-FDA50C324069}.Release|x64.Build.0 = Release|Any CPU
		{E9200FDC-26C5-45D0-B7E0-FDA50C324069}.Release|x86.ActiveCfg = Release|Any CPU
		{E9200FDC-26C5-45D0-B7E0-FDA50C324069}.Release|x86.Build.0 = Release|Any CPU
		{866AD5EC-97C4-46E1-82F2-022CF7D9D502}.Debug|Any CPU.ActiveCfg = Debug|Any CPU
		{866AD5EC-97C4-46E1-82F2-022CF7D9D502}.Debug|Any CPU.Build.0 = Debug|Any CPU
		{866AD5EC-97C4-46E1-82F2-022CF7D9D502}.Debug|x64.ActiveCfg = Debug|Any CPU
		{866AD5EC-97C4-46E1-82F2-022CF7D9D502}.Debug|x64.Build.0 = Debug|Any CPU
		{866AD5EC-97C4-46E1-82F2-022CF7D9D502}.Debug|x86.ActiveCfg = Debug|Any CPU
		{866AD5EC-97C4-46E1-82F2-022CF7D9D502}.Debug|x86.Build.0 = Debug|Any CPU
		{866AD5EC-97C4-46E1-82F2-022CF7D9D502}.Release|Any CPU.ActiveCfg = Release|Any CPU
		{866AD5EC-97C4-46E1-82F2-022CF7D9D502}.Release|Any CPU.Build.0 = Release|Any CPU
		{866AD5EC-97C4-46E1-82F2-022CF7D9D502}.Release|x64.ActiveCfg = Release|Any CPU
		{866AD5EC-97C4-46E1-82F2-022CF7D9D502}.Release|x64.Build.0 = Release|Any CPU
		{866AD5EC-97C4-46E1-82F2-022CF7D9D502}.Release|x86.ActiveCfg = Release|Any CPU
		{866AD5EC-97C4-46E1-82F2-022CF7D9D502}.Release|x86.Build.0 = Release|Any CPU
		{70396A1F-A3C3-45A8-B4D4-578ED84C776E}.Debug|Any CPU.ActiveCfg = Debug|Any CPU
		{70396A1F-A3C3-45A8-B4D4-578ED84C776E}.Debug|Any CPU.Build.0 = Debug|Any CPU
		{70396A1F-A3C3-45A8-B4D4-578ED84C776E}.Debug|x64.ActiveCfg = Debug|Any CPU
		{70396A1F-A3C3-45A8-B4D4-578ED84C776E}.Debug|x64.Build.0 = Debug|Any CPU
		{70396A1F-A3C3-45A8-B4D4-578ED84C776E}.Debug|x86.ActiveCfg = Debug|Any CPU
		{70396A1F-A3C3-45A8-B4D4-578ED84C776E}.Debug|x86.Build.0 = Debug|Any CPU
		{70396A1F-A3C3-45A8-B4D4-578ED84C776E}.Release|Any CPU.ActiveCfg = Release|Any CPU
		{70396A1F-A3C3-45A8-B4D4-578ED84C776E}.Release|Any CPU.Build.0 = Release|Any CPU
		{70396A1F-A3C3-45A8-B4D4-578ED84C776E}.Release|x64.ActiveCfg = Release|Any CPU
		{70396A1F-A3C3-45A8-B4D4-578ED84C776E}.Release|x64.Build.0 = Release|Any CPU
		{70396A1F-A3C3-45A8-B4D4-578ED84C776E}.Release|x86.ActiveCfg = Release|Any CPU
		{70396A1F-A3C3-45A8-B4D4-578ED84C776E}.Release|x86.Build.0 = Release|Any CPU
		{9EC95E47-B4C8-4BD7-958C-964F30FAC842}.Debug|Any CPU.ActiveCfg = Debug|Any CPU
		{9EC95E47-B4C8-4BD7-958C-964F30FAC842}.Debug|Any CPU.Build.0 = Debug|Any CPU
		{9EC95E47-B4C8-4BD7-958C-964F30FAC842}.Debug|x64.ActiveCfg = Debug|Any CPU
		{9EC95E47-B4C8-4BD7-958C-964F30FAC842}.Debug|x64.Build.0 = Debug|Any CPU
		{9EC95E47-B4C8-4BD7-958C-964F30FAC842}.Debug|x86.ActiveCfg = Debug|Any CPU
		{9EC95E47-B4C8-4BD7-958C-964F30FAC842}.Debug|x86.Build.0 = Debug|Any CPU
		{9EC95E47-B4C8-4BD7-958C-964F30FAC842}.Release|Any CPU.ActiveCfg = Release|Any CPU
		{9EC95E47-B4C8-4BD7-958C-964F30FAC842}.Release|Any CPU.Build.0 = Release|Any CPU
		{9EC95E47-B4C8-4BD7-958C-964F30FAC842}.Release|x64.ActiveCfg = Release|Any CPU
		{9EC95E47-B4C8-4BD7-958C-964F30FAC842}.Release|x64.Build.0 = Release|Any CPU
		{9EC95E47-B4C8-4BD7-958C-964F30FAC842}.Release|x86.ActiveCfg = Release|Any CPU
		{9EC95E47-B4C8-4BD7-958C-964F30FAC842}.Release|x86.Build.0 = Release|Any CPU
		{DBDDBF7A-0DFE-461F-B231-2D96EE7A0A9D}.Debug|Any CPU.ActiveCfg = Debug|Any CPU
		{DBDDBF7A-0DFE-461F-B231-2D96EE7A0A9D}.Debug|Any CPU.Build.0 = Debug|Any CPU
		{DBDDBF7A-0DFE-461F-B231-2D96EE7A0A9D}.Debug|x64.ActiveCfg = Debug|Any CPU
		{DBDDBF7A-0DFE-461F-B231-2D96EE7A0A9D}.Debug|x64.Build.0 = Debug|Any CPU
		{DBDDBF7A-0DFE-461F-B231-2D96EE7A0A9D}.Debug|x86.ActiveCfg = Debug|Any CPU
		{DBDDBF7A-0DFE-461F-B231-2D96EE7A0A9D}.Debug|x86.Build.0 = Debug|Any CPU
		{DBDDBF7A-0DFE-461F-B231-2D96EE7A0A9D}.Release|Any CPU.ActiveCfg = Release|Any CPU
		{DBDDBF7A-0DFE-461F-B231-2D96EE7A0A9D}.Release|Any CPU.Build.0 = Release|Any CPU
		{DBDDBF7A-0DFE-461F-B231-2D96EE7A0A9D}.Release|x64.ActiveCfg = Release|Any CPU
		{DBDDBF7A-0DFE-461F-B231-2D96EE7A0A9D}.Release|x64.Build.0 = Release|Any CPU
		{DBDDBF7A-0DFE-461F-B231-2D96EE7A0A9D}.Release|x86.ActiveCfg = Release|Any CPU
		{DBDDBF7A-0DFE-461F-B231-2D96EE7A0A9D}.Release|x86.Build.0 = Release|Any CPU
		{05454DD0-5869-45CC-BD7B-7D6FEBAFB42D}.Debug|Any CPU.ActiveCfg = Debug|Any CPU
		{05454DD0-5869-45CC-BD7B-7D6FEBAFB42D}.Debug|Any CPU.Build.0 = Debug|Any CPU
		{05454DD0-5869-45CC-BD7B-7D6FEBAFB42D}.Debug|x64.ActiveCfg = Debug|Any CPU
		{05454DD0-5869-45CC-BD7B-7D6FEBAFB42D}.Debug|x64.Build.0 = Debug|Any CPU
		{05454DD0-5869-45CC-BD7B-7D6FEBAFB42D}.Debug|x86.ActiveCfg = Debug|Any CPU
		{05454DD0-5869-45CC-BD7B-7D6FEBAFB42D}.Debug|x86.Build.0 = Debug|Any CPU
		{05454DD0-5869-45CC-BD7B-7D6FEBAFB42D}.Release|Any CPU.ActiveCfg = Release|Any CPU
		{05454DD0-5869-45CC-BD7B-7D6FEBAFB42D}.Release|Any CPU.Build.0 = Release|Any CPU
		{05454DD0-5869-45CC-BD7B-7D6FEBAFB42D}.Release|x64.ActiveCfg = Release|Any CPU
		{05454DD0-5869-45CC-BD7B-7D6FEBAFB42D}.Release|x64.Build.0 = Release|Any CPU
		{05454DD0-5869-45CC-BD7B-7D6FEBAFB42D}.Release|x86.ActiveCfg = Release|Any CPU
		{05454DD0-5869-45CC-BD7B-7D6FEBAFB42D}.Release|x86.Build.0 = Release|Any CPU
		{561955E9-8B13-4B8A-AA46-7EB8F8785BBE}.Debug|Any CPU.ActiveCfg = Debug|Any CPU
		{561955E9-8B13-4B8A-AA46-7EB8F8785BBE}.Debug|Any CPU.Build.0 = Debug|Any CPU
		{561955E9-8B13-4B8A-AA46-7EB8F8785BBE}.Debug|x64.ActiveCfg = Debug|Any CPU
		{561955E9-8B13-4B8A-AA46-7EB8F8785BBE}.Debug|x64.Build.0 = Debug|Any CPU
		{561955E9-8B13-4B8A-AA46-7EB8F8785BBE}.Debug|x86.ActiveCfg = Debug|Any CPU
		{561955E9-8B13-4B8A-AA46-7EB8F8785BBE}.Debug|x86.Build.0 = Debug|Any CPU
		{561955E9-8B13-4B8A-AA46-7EB8F8785BBE}.Release|Any CPU.ActiveCfg = Release|Any CPU
		{561955E9-8B13-4B8A-AA46-7EB8F8785BBE}.Release|Any CPU.Build.0 = Release|Any CPU
		{561955E9-8B13-4B8A-AA46-7EB8F8785BBE}.Release|x64.ActiveCfg = Release|Any CPU
		{561955E9-8B13-4B8A-AA46-7EB8F8785BBE}.Release|x64.Build.0 = Release|Any CPU
		{561955E9-8B13-4B8A-AA46-7EB8F8785BBE}.Release|x86.ActiveCfg = Release|Any CPU
		{561955E9-8B13-4B8A-AA46-7EB8F8785BBE}.Release|x86.Build.0 = Release|Any CPU
		{A0C7C60F-A19D-4B79-A474-7A1C1155870D}.Debug|Any CPU.ActiveCfg = Debug|Any CPU
		{A0C7C60F-A19D-4B79-A474-7A1C1155870D}.Debug|Any CPU.Build.0 = Debug|Any CPU
		{A0C7C60F-A19D-4B79-A474-7A1C1155870D}.Debug|x64.ActiveCfg = Debug|Any CPU
		{A0C7C60F-A19D-4B79-A474-7A1C1155870D}.Debug|x64.Build.0 = Debug|Any CPU
		{A0C7C60F-A19D-4B79-A474-7A1C1155870D}.Debug|x86.ActiveCfg = Debug|Any CPU
		{A0C7C60F-A19D-4B79-A474-7A1C1155870D}.Debug|x86.Build.0 = Debug|Any CPU
		{A0C7C60F-A19D-4B79-A474-7A1C1155870D}.Release|Any CPU.ActiveCfg = Release|Any CPU
		{A0C7C60F-A19D-4B79-A474-7A1C1155870D}.Release|Any CPU.Build.0 = Release|Any CPU
		{A0C7C60F-A19D-4B79-A474-7A1C1155870D}.Release|x64.ActiveCfg = Release|Any CPU
		{A0C7C60F-A19D-4B79-A474-7A1C1155870D}.Release|x64.Build.0 = Release|Any CPU
		{A0C7C60F-A19D-4B79-A474-7A1C1155870D}.Release|x86.ActiveCfg = Release|Any CPU
		{A0C7C60F-A19D-4B79-A474-7A1C1155870D}.Release|x86.Build.0 = Release|Any CPU
		{2FA7C670-3823-4ADA-B3E1-91D7D6FA5EE3}.Debug|Any CPU.ActiveCfg = Debug|Any CPU
		{2FA7C670-3823-4ADA-B3E1-91D7D6FA5EE3}.Debug|Any CPU.Build.0 = Debug|Any CPU
		{2FA7C670-3823-4ADA-B3E1-91D7D6FA5EE3}.Debug|x64.ActiveCfg = Debug|Any CPU
		{2FA7C670-3823-4ADA-B3E1-91D7D6FA5EE3}.Debug|x64.Build.0 = Debug|Any CPU
		{2FA7C670-3823-4ADA-B3E1-91D7D6FA5EE3}.Debug|x86.ActiveCfg = Debug|Any CPU
		{2FA7C670-3823-4ADA-B3E1-91D7D6FA5EE3}.Debug|x86.Build.0 = Debug|Any CPU
		{2FA7C670-3823-4ADA-B3E1-91D7D6FA5EE3}.Release|Any CPU.ActiveCfg = Release|Any CPU
		{2FA7C670-3823-4ADA-B3E1-91D7D6FA5EE3}.Release|Any CPU.Build.0 = Release|Any CPU
		{2FA7C670-3823-4ADA-B3E1-91D7D6FA5EE3}.Release|x64.ActiveCfg = Release|Any CPU
		{2FA7C670-3823-4ADA-B3E1-91D7D6FA5EE3}.Release|x64.Build.0 = Release|Any CPU
		{2FA7C670-3823-4ADA-B3E1-91D7D6FA5EE3}.Release|x86.ActiveCfg = Release|Any CPU
		{2FA7C670-3823-4ADA-B3E1-91D7D6FA5EE3}.Release|x86.Build.0 = Release|Any CPU
	EndGlobalSection
	GlobalSection(SolutionProperties) = preSolution
		HideSolutionNode = FALSE
	EndGlobalSection
	GlobalSection(ExtensibilityGlobals) = postSolution
		SolutionGuid = {8336DF61-619D-49BC-ADC4-ECA3A939C084}
	EndGlobalSection
EndGlobal
