
Microsoft Visual Studio Solution File, Format Version 12.00
# Visual Studio Version 17
VisualStudioVersion = 17.6.33815.320
MinimumVisualStudioVersion = 10.0.40219.1
Project("{9A19103F-16F7-4668-BE54-9A1E7A4F7556}") = "SIS.OpenCore.Client.Win", "SIS.OpenCore.Client.Win\SIS.OpenCore.Client.Win.csproj", "{9EC95E47-B4C8-4BD7-958C-964F30FAC842}"
EndProject
Project("{9A19103F-16F7-4668-BE54-9A1E7A4F7556}") = "SIS.OpenCore.Server.Data", "SIS.OpenCore.Server.Data\SIS.OpenCore.Server.Data.csproj", "{DBDDBF7A-0DFE-461F-B231-2D96EE7A0A9D}"
EndProject
Project("{9A19103F-16F7-4668-BE54-9A1E7A4F7556}") = "SIS.OpenCore.Shared", "SIS.OpenCore.Shared\SIS.OpenCore.Shared.csproj", "{561955E9-8B13-4B8A-AA46-7EB8F8785BBE}"
EndProject
Project("{9A19103F-16F7-4668-BE54-9A1E7A4F7556}") = "SIS.OpenCore.UnitTesting", "SIS.OpenCore.UnitTesting\SIS.OpenCore.UnitTesting.csproj", "{A0C7C60F-A19D-4B79-A474-7A1C1155870D}"
EndProject
Project("{9A19103F-16F7-4668-BE54-9A1E7A4F7556}") = "SIS.OpenCore.Server", "SIS.OpenCore.Server\SIS.OpenCore.Server.csproj", "{98100930-B603-4A9D-84BE-CB167E5DA997}"
EndProject
Global
	GlobalSection(SolutionConfigurationPlatforms) = preSolution
		Debug|Any CPU = Debug|Any CPU
		Debug|x64 = Debug|x64
		Debug|x86 = Debug|x86
		Release|Any CPU = Release|Any CPU
		Release|x64 = Release|x64
		Release|x86 = Release|x86
	EndGlobalSection
	GlobalSection(ProjectConfigurationPlatforms) = postSolution
		{9EC95E47-B4C8-4BD7-958C-964F30FAC842}.Debug|Any CPU.ActiveCfg = Debug|Any CPU
		{9EC95E47-B4C8-4BD7-958C-964F30FAC842}.Debug|Any CPU.Build.0 = Debug|Any CPU
		{9EC95E47-B4C8-4BD7-958C-964F30FAC842}.Debug|x64.ActiveCfg = Debug|Any CPU
		{9EC95E47-B4C8-4BD7-958C-964F30FAC842}.Debug|x64.Build.0 = Debug|Any CPU
		{9EC95E47-B4C8-4BD7-958C-964F30FAC842}.Debug|x86.ActiveCfg = Debug|Any CPU
		{9EC95E47-B4C8-4BD7-958C-964F30FAC842}.Debug|x86.Build.0 = Debug|Any CPU
		{9EC95E47-B4C8-4BD7-958C-964F30FAC842}.Release|Any CPU.ActiveCfg = Release|Any CPU
		{9EC95E47-B4C8-4BD7-958C-964F30FAC842}.Release|Any CPU.Build.0 = Release|Any CPU
		{9EC95E47-B4C8-4BD7-958C-964F30FAC842}.Release|x64.ActiveCfg = Release|Any CPU
		{9EC95E47-B4C8-4BD7-958C-964F30FAC842}.Release|x64.Build.0 = Release|Any CPU
		{9EC95E47-B4C8-4BD7-958C-964F30FAC842}.Release|x86.ActiveCfg = Release|Any CPU
		{9EC95E47-B4C8-4BD7-958C-964F30FAC842}.Release|x86.Build.0 = Release|Any CPU
		{DBDDBF7A-0DFE-461F-B231-2D96EE7A0A9D}.Debug|Any CPU.ActiveCfg = Debug|Any CPU
		{DBDDBF7A-0DFE-461F-B231-2D96EE7A0A9D}.Debug|Any CPU.Build.0 = Debug|Any CPU
		{DBDDBF7A-0DFE-461F-B231-2D96EE7A0A9D}.Debug|x64.ActiveCfg = Debug|Any CPU
		{DBDDBF7A-0DFE-461F-B231-2D96EE7A0A9D}.Debug|x64.Build.0 = Debug|Any CPU
		{DBDDBF7A-0DFE-461F-B231-2D96EE7A0A9D}.Debug|x86.ActiveCfg = Debug|Any CPU
		{DBDDBF7A-0DFE-461F-B231-2D96EE7A0A9D}.Debug|x86.Build.0 = Debug|Any CPU
		{DBDDBF7A-0DFE-461F-B231-2D96EE7A0A9D}.Release|Any CPU.ActiveCfg = Release|Any CPU
		{DBDDBF7A-0DFE-461F-B231-2D96EE7A0A9D}.Release|Any CPU.Build.0 = Release|Any CPU
		{DBDDBF7A-0DFE-461F-B231-2D96EE7A0A9D}.Release|x64.ActiveCfg = Release|Any CPU
		{DBDDBF7A-0DFE-461F-B231-2D96EE7A0A9D}.Release|x64.Build.0 = Release|Any CPU
		{DBDDBF7A-0DFE-461F-B231-2D96EE7A0A9D}.Release|x86.ActiveCfg = Release|Any CPU
		{DBDDBF7A-0DFE-461F-B231-2D96EE7A0A9D}.Release|x86.Build.0 = Release|Any CPU
		{561955E9-8B13-4B8A-AA46-7EB8F8785BBE}.Debug|Any CPU.ActiveCfg = Debug|Any CPU
		{561955E9-8B13-4B8A-AA46-7EB8F8785BBE}.Debug|Any CPU.Build.0 = Debug|Any CPU
		{561955E9-8B13-4B8A-AA46-7EB8F8785BBE}.Debug|x64.ActiveCfg = Debug|Any CPU
		{561955E9-8B13-4B8A-AA46-7EB8F8785BBE}.Debug|x64.Build.0 = Debug|Any CPU
		{561955E9-8B13-4B8A-AA46-7EB8F8785BBE}.Debug|x86.ActiveCfg = Debug|Any CPU
		{561955E9-8B13-4B8A-AA46-7EB8F8785BBE}.Debug|x86.Build.0 = Debug|Any CPU
		{561955E9-8B13-4B8A-AA46-7EB8F8785BBE}.Release|Any CPU.ActiveCfg = Release|Any CPU
		{561955E9-8B13-4B8A-AA46-7EB8F8785BBE}.Release|Any CPU.Build.0 = Release|Any CPU
		{561955E9-8B13-4B8A-AA46-7EB8F8785BBE}.Release|x64.ActiveCfg = Release|Any CPU
		{561955E9-8B13-4B8A-AA46-7EB8F8785BBE}.Release|x64.Build.0 = Release|Any CPU
		{561955E9-8B13-4B8A-AA46-7EB8F8785BBE}.Release|x86.ActiveCfg = Release|Any CPU
		{561955E9-8B13-4B8A-AA46-7EB8F8785BBE}.Release|x86.Build.0 = Release|Any CPU
		{A0C7C60F-A19D-4B79-A474-7A1C1155870D}.Debug|Any CPU.ActiveCfg = Debug|Any CPU
		{A0C7C60F-A19D-4B79-A474-7A1C1155870D}.Debug|Any CPU.Build.0 = Debug|Any CPU
		{A0C7C60F-A19D-4B79-A474-7A1C1155870D}.Debug|x64.ActiveCfg = Debug|Any CPU
		{A0C7C60F-A19D-4B79-A474-7A1C1155870D}.Debug|x64.Build.0 = Debug|Any CPU
		{A0C7C60F-A19D-4B79-A474-7A1C1155870D}.Debug|x86.ActiveCfg = Debug|Any CPU
		{A0C7C60F-A19D-4B79-A474-7A1C1155870D}.Debug|x86.Build.0 = Debug|Any CPU
		{A0C7C60F-A19D-4B79-A474-7A1C1155870D}.Release|Any CPU.ActiveCfg = Release|Any CPU
		{A0C7C60F-A19D-4B79-A474-7A1C1155870D}.Release|Any CPU.Build.0 = Release|Any CPU
		{A0C7C60F-A19D-4B79-A474-7A1C1155870D}.Release|x64.ActiveCfg = Release|Any CPU
		{A0C7C60F-A19D-4B79-A474-7A1C1155870D}.Release|x64.Build.0 = Release|Any CPU
		{A0C7C60F-A19D-4B79-A474-7A1C1155870D}.Release|x86.ActiveCfg = Release|Any CPU
		{A0C7C60F-A19D-4B79-A474-7A1C1155870D}.Release|x86.Build.0 = Release|Any CPU
		{98100930-B603-4A9D-84BE-CB167E5DA997}.Debug|Any CPU.ActiveCfg = Debug|Any CPU
		{98100930-B603-4A9D-84BE-CB167E5DA997}.Debug|Any CPU.Build.0 = Debug|Any CPU
		{98100930-B603-4A9D-84BE-CB167E5DA997}.Debug|x64.ActiveCfg = Debug|Any CPU
		{98100930-B603-4A9D-84BE-CB167E5DA997}.Debug|x64.Build.0 = Debug|Any CPU
		{98100930-B603-4A9D-84BE-CB167E5DA997}.Debug|x86.ActiveCfg = Debug|Any CPU
		{98100930-B603-4A9D-84BE-CB167E5DA997}.Debug|x86.Build.0 = Debug|Any CPU
		{98100930-B603-4A9D-84BE-CB167E5DA997}.Release|Any CPU.ActiveCfg = Release|Any CPU
		{98100930-B603-4A9D-84BE-CB167E5DA997}.Release|Any CPU.Build.0 = Release|Any CPU
		{98100930-B603-4A9D-84BE-CB167E5DA997}.Release|x64.ActiveCfg = Release|Any CPU
		{98100930-B603-4A9D-84BE-CB167E5DA997}.Release|x64.Build.0 = Release|Any CPU
		{98100930-B603-4A9D-84BE-CB167E5DA997}.Release|x86.ActiveCfg = Release|Any CPU
		{98100930-B603-4A9D-84BE-CB167E5DA997}.Release|x86.Build.0 = Release|Any CPU
	EndGlobalSection
	GlobalSection(SolutionProperties) = preSolution
		HideSolutionNode = FALSE
	EndGlobalSection
	GlobalSection(ExtensibilityGlobals) = postSolution
		SolutionGuid = {8336DF61-619D-49BC-ADC4-ECA3A939C084}
	EndGlobalSection
EndGlobal
